
Microsoft Visual Studio Solution File, Format Version 12.00
# Visual Studio 2012
Project("{FAE04EC0-301F-11D3-BF4B-00C04F79EFBC}") = "BandSite", "BandSite\BandSite.csproj", "{12B8763C-5126-4AE6-9900-E35E2888B82F}"
EndProject
Project("{FAE04EC0-301F-11D3-BF4B-00C04F79EFBC}") = "BandSite.Tests", "BandSite.Tests\BandSite.Tests.csproj", "{C2493550-734E-4680-B834-37DEA29DA4C8}"
EndProject
Global
	GlobalSection(SolutionConfigurationPlatforms) = preSolution
		Debug|Any CPU = Debug|Any CPU
		Release|Any CPU = Release|Any CPU
	EndGlobalSection
	GlobalSection(ProjectConfigurationPlatforms) = postSolution
		{12B8763C-5126-4AE6-9900-E35E2888B82F}.Debug|Any CPU.ActiveCfg = Debug|Any CPU
		{12B8763C-5126-4AE6-9900-E35E2888B82F}.Debug|Any CPU.Build.0 = Debug|Any CPU
		{12B8763C-5126-4AE6-9900-E35E2888B82F}.Release|Any CPU.ActiveCfg = Release|Any CPU
		{12B8763C-5126-4AE6-9900-E35E2888B82F}.Release|Any CPU.Build.0 = Release|Any CPU
		{C2493550-734E-4680-B834-37DEA29DA4C8}.Debug|Any CPU.ActiveCfg = Debug|Any CPU
		{C2493550-734E-4680-B834-37DEA29DA4C8}.Debug|Any CPU.Build.0 = Debug|Any CPU
		{C2493550-734E-4680-B834-37DEA29DA4C8}.Release|Any CPU.ActiveCfg = Release|Any CPU
		{C2493550-734E-4680-B834-37DEA29DA4C8}.Release|Any CPU.Build.0 = Release|Any CPU
	EndGlobalSection
	GlobalSection(SolutionProperties) = preSolution
		HideSolutionNode = FALSE
	EndGlobalSection
EndGlobal
